// !$*UTF8*$!
{
	archiveVersion = 1;
	classes = {
	};
	objectVersion = 50;
	objects = {

/* Begin PBXBuildFile section */
		4943FE4325DA86E100B4C9F9 /* AppDelegate.swift in Sources */ = {isa = PBXBuildFile; fileRef = 4943FE4225DA86E100B4C9F9 /* AppDelegate.swift */; };
		4943FE4525DA86E100B4C9F9 /* SceneDelegate.swift in Sources */ = {isa = PBXBuildFile; fileRef = 4943FE4425DA86E100B4C9F9 /* SceneDelegate.swift */; };
		4943FE4A25DA86E100B4C9F9 /* Main.storyboard in Resources */ = {isa = PBXBuildFile; fileRef = 4943FE4825DA86E100B4C9F9 /* Main.storyboard */; };
		4943FE4C25DA86E300B4C9F9 /* Assets.xcassets in Resources */ = {isa = PBXBuildFile; fileRef = 4943FE4B25DA86E300B4C9F9 /* Assets.xcassets */; };
		4943FE4F25DA86E300B4C9F9 /* LaunchScreen.storyboard in Resources */ = {isa = PBXBuildFile; fileRef = 4943FE4D25DA86E300B4C9F9 /* LaunchScreen.storyboard */; };
		4943FE5E25DA878C00B4C9F9 /* HomeViewController.swift in Sources */ = {isa = PBXBuildFile; fileRef = 4943FE5C25DA878C00B4C9F9 /* HomeViewController.swift */; };
		4943FE6425DA89A200B4C9F9 /* WorldExpoController.swift in Sources */ = {isa = PBXBuildFile; fileRef = 4943FE6225DA89A200B4C9F9 /* WorldExpoController.swift */; };
		4943FE6525DA89A200B4C9F9 /* WorldExpoController.xib in Resources */ = {isa = PBXBuildFile; fileRef = 4943FE6325DA89A200B4C9F9 /* WorldExpoController.xib */; };
		4943FE6A25DA8A6900B4C9F9 /* UpcomingExpoController.swift in Sources */ = {isa = PBXBuildFile; fileRef = 4943FE6825DA8A6900B4C9F9 /* UpcomingExpoController.swift */; };
		4943FE6B25DA8A6900B4C9F9 /* UpcomingExpoController.xib in Resources */ = {isa = PBXBuildFile; fileRef = 4943FE6925DA8A6900B4C9F9 /* UpcomingExpoController.xib */; };
		4943FE6F25DA8A9700B4C9F9 /* PavalionsController.swift in Sources */ = {isa = PBXBuildFile; fileRef = 4943FE6D25DA8A9700B4C9F9 /* PavalionsController.swift */; };
		4943FE7025DA8A9700B4C9F9 /* PavalionsController.xib in Resources */ = {isa = PBXBuildFile; fileRef = 4943FE6E25DA8A9700B4C9F9 /* PavalionsController.xib */; };
		4943FE7425DA8AAC00B4C9F9 /* BookTicketController.swift in Sources */ = {isa = PBXBuildFile; fileRef = 4943FE7225DA8AAC00B4C9F9 /* BookTicketController.swift */; };
		4943FE7525DA8AAC00B4C9F9 /* BookTicketController.xib in Resources */ = {isa = PBXBuildFile; fileRef = 4943FE7325DA8AAC00B4C9F9 /* BookTicketController.xib */; };
		4943FE7825DA8C6900B4C9F9 /* UIBottomSheet.swift in Sources */ = {isa = PBXBuildFile; fileRef = 4943FE7725DA8C6900B4C9F9 /* UIBottomSheet.swift */; };
		4943FE7C25DA8CAB00B4C9F9 /* BottomSheetContainer.swift in Sources */ = {isa = PBXBuildFile; fileRef = 4943FE7A25DA8CAB00B4C9F9 /* BottomSheetContainer.swift */; };
		4943FE7D25DA8CAB00B4C9F9 /* BottomSheetContainer.xib in Resources */ = {isa = PBXBuildFile; fileRef = 4943FE7B25DA8CAB00B4C9F9 /* BottomSheetContainer.xib */; };
		4943FE8025DA907F00B4C9F9 /* Color.xcassets in Resources */ = {isa = PBXBuildFile; fileRef = 4943FE7F25DA907F00B4C9F9 /* Color.xcassets */; };
		49B7E59D25DAF5F800BB73F1 /* ExpoHistoryCell.swift in Sources */ = {isa = PBXBuildFile; fileRef = 49B7E59B25DAF5F800BB73F1 /* ExpoHistoryCell.swift */; };
		49B7E59E25DAF5F800BB73F1 /* ExpoHistoryCell.xib in Resources */ = {isa = PBXBuildFile; fileRef = 49B7E59C25DAF5F800BB73F1 /* ExpoHistoryCell.xib */; };
		49B7E5BB25DAFAB000BB73F1 /* ExpoHistoryModel.swift in Sources */ = {isa = PBXBuildFile; fileRef = 49B7E5BA25DAFAB000BB73F1 /* ExpoHistoryModel.swift */; };
		49B7E5BF25DB04A300BB73F1 /* CardView.swift in Sources */ = {isa = PBXBuildFile; fileRef = 49B7E5BE25DB04A300BB73F1 /* CardView.swift */; };
/* End PBXBuildFile section */

/* Begin PBXFileReference section */
		4943FE3F25DA86E100B4C9F9 /* NSBottomSheet.app */ = {isa = PBXFileReference; explicitFileType = wrapper.application; includeInIndex = 0; path = NSBottomSheet.app; sourceTree = BUILT_PRODUCTS_DIR; };
		4943FE4225DA86E100B4C9F9 /* AppDelegate.swift */ = {isa = PBXFileReference; lastKnownFileType = sourcecode.swift; path = AppDelegate.swift; sourceTree = "<group>"; };
		4943FE4425DA86E100B4C9F9 /* SceneDelegate.swift */ = {isa = PBXFileReference; lastKnownFileType = sourcecode.swift; path = SceneDelegate.swift; sourceTree = "<group>"; };
		4943FE4925DA86E100B4C9F9 /* Base */ = {isa = PBXFileReference; lastKnownFileType = file.storyboard; name = Base; path = Base.lproj/Main.storyboard; sourceTree = "<group>"; };
		4943FE4B25DA86E300B4C9F9 /* Assets.xcassets */ = {isa = PBXFileReference; lastKnownFileType = folder.assetcatalog; path = Assets.xcassets; sourceTree = "<group>"; };
		4943FE4E25DA86E300B4C9F9 /* Base */ = {isa = PBXFileReference; lastKnownFileType = file.storyboard; name = Base; path = Base.lproj/LaunchScreen.storyboard; sourceTree = "<group>"; };
		4943FE5025DA86E300B4C9F9 /* Info.plist */ = {isa = PBXFileReference; lastKnownFileType = text.plist.xml; path = Info.plist; sourceTree = "<group>"; };
		4943FE5C25DA878C00B4C9F9 /* HomeViewController.swift */ = {isa = PBXFileReference; lastKnownFileType = sourcecode.swift; path = HomeViewController.swift; sourceTree = "<group>"; };
		4943FE6225DA89A200B4C9F9 /* WorldExpoController.swift */ = {isa = PBXFileReference; lastKnownFileType = sourcecode.swift; path = WorldExpoController.swift; sourceTree = "<group>"; };
		4943FE6325DA89A200B4C9F9 /* WorldExpoController.xib */ = {isa = PBXFileReference; lastKnownFileType = file.xib; path = WorldExpoController.xib; sourceTree = "<group>"; };
		4943FE6825DA8A6900B4C9F9 /* UpcomingExpoController.swift */ = {isa = PBXFileReference; lastKnownFileType = sourcecode.swift; path = UpcomingExpoController.swift; sourceTree = "<group>"; };
		4943FE6925DA8A6900B4C9F9 /* UpcomingExpoController.xib */ = {isa = PBXFileReference; lastKnownFileType = file.xib; path = UpcomingExpoController.xib; sourceTree = "<group>"; };
		4943FE6D25DA8A9700B4C9F9 /* PavalionsController.swift */ = {isa = PBXFileReference; lastKnownFileType = sourcecode.swift; path = PavalionsController.swift; sourceTree = "<group>"; };
		4943FE6E25DA8A9700B4C9F9 /* PavalionsController.xib */ = {isa = PBXFileReference; lastKnownFileType = file.xib; path = PavalionsController.xib; sourceTree = "<group>"; };
		4943FE7225DA8AAC00B4C9F9 /* BookTicketController.swift */ = {isa = PBXFileReference; lastKnownFileType = sourcecode.swift; path = BookTicketController.swift; sourceTree = "<group>"; };
		4943FE7325DA8AAC00B4C9F9 /* BookTicketController.xib */ = {isa = PBXFileReference; lastKnownFileType = file.xib; path = BookTicketController.xib; sourceTree = "<group>"; };
		4943FE7725DA8C6900B4C9F9 /* UIBottomSheet.swift */ = {isa = PBXFileReference; lastKnownFileType = sourcecode.swift; path = UIBottomSheet.swift; sourceTree = "<group>"; };
		4943FE7A25DA8CAB00B4C9F9 /* BottomSheetContainer.swift */ = {isa = PBXFileReference; lastKnownFileType = sourcecode.swift; path = BottomSheetContainer.swift; sourceTree = "<group>"; };
		4943FE7B25DA8CAB00B4C9F9 /* BottomSheetContainer.xib */ = {isa = PBXFileReference; lastKnownFileType = file.xib; path = BottomSheetContainer.xib; sourceTree = "<group>"; };
		4943FE7F25DA907F00B4C9F9 /* Color.xcassets */ = {isa = PBXFileReference; lastKnownFileType = folder.assetcatalog; path = Color.xcassets; sourceTree = "<group>"; };
		49B7E59B25DAF5F800BB73F1 /* ExpoHistoryCell.swift */ = {isa = PBXFileReference; lastKnownFileType = sourcecode.swift; path = ExpoHistoryCell.swift; sourceTree = "<group>"; };
		49B7E59C25DAF5F800BB73F1 /* ExpoHistoryCell.xib */ = {isa = PBXFileReference; lastKnownFileType = file.xib; path = ExpoHistoryCell.xib; sourceTree = "<group>"; };
		49B7E5BA25DAFAB000BB73F1 /* ExpoHistoryModel.swift */ = {isa = PBXFileReference; lastKnownFileType = sourcecode.swift; path = ExpoHistoryModel.swift; sourceTree = "<group>"; };
		49B7E5BE25DB04A300BB73F1 /* CardView.swift */ = {isa = PBXFileReference; lastKnownFileType = sourcecode.swift; path = CardView.swift; sourceTree = "<group>"; };
/* End PBXFileReference section */

/* Begin PBXFrameworksBuildPhase section */
		4943FE3C25DA86E100B4C9F9 /* Frameworks */ = {
			isa = PBXFrameworksBuildPhase;
			buildActionMask = 2147483647;
			files = (
			);
			runOnlyForDeploymentPostprocessing = 0;
		};
/* End PBXFrameworksBuildPhase section */

/* Begin PBXGroup section */
		4943FE3625DA86E100B4C9F9 = {
			isa = PBXGroup;
			children = (
				4943FE4125DA86E100B4C9F9 /* NSBottomSheet */,
				4943FE4025DA86E100B4C9F9 /* Products */,
			);
			sourceTree = "<group>";
		};
		4943FE4025DA86E100B4C9F9 /* Products */ = {
			isa = PBXGroup;
			children = (
				4943FE3F25DA86E100B4C9F9 /* NSBottomSheet.app */,
			);
			name = Products;
			sourceTree = "<group>";
		};
		4943FE4125DA86E100B4C9F9 /* NSBottomSheet */ = {
			isa = PBXGroup;
			children = (
				4943FE5A25DA872A00B4C9F9 /* AppDelegate */,
				4943FE5925DA872000B4C9F9 /* Assets */,
				4943FE5825DA871300B4C9F9 /* Component */,
				4943FE5725DA870900B4C9F9 /* Controller */,
				4943FE4825DA86E100B4C9F9 /* Main.storyboard */,
				4943FE4D25DA86E300B4C9F9 /* LaunchScreen.storyboard */,
				4943FE5025DA86E300B4C9F9 /* Info.plist */,
			);
			path = NSBottomSheet;
			sourceTree = "<group>";
		};
		4943FE5725DA870900B4C9F9 /* Controller */ = {
			isa = PBXGroup;
			children = (
				4943FE6125DA87C800B4C9F9 /* BottomSheetViews */,
				4943FE5C25DA878C00B4C9F9 /* HomeViewController.swift */,
			);
			path = Controller;
			sourceTree = "<group>";
		};
		4943FE5825DA871300B4C9F9 /* Component */ = {
			isa = PBXGroup;
			children = (
				4943FE7725DA8C6900B4C9F9 /* UIBottomSheet.swift */,
				4943FE7A25DA8CAB00B4C9F9 /* BottomSheetContainer.swift */,
				4943FE7B25DA8CAB00B4C9F9 /* BottomSheetContainer.xib */,
				49B7E5BE25DB04A300BB73F1 /* CardView.swift */,
			);
			path = Component;
			sourceTree = "<group>";
		};
		4943FE5925DA872000B4C9F9 /* Assets */ = {
			isa = PBXGroup;
			children = (
				4943FE7F25DA907F00B4C9F9 /* Color.xcassets */,
				4943FE4B25DA86E300B4C9F9 /* Assets.xcassets */,
			);
			path = Assets;
			sourceTree = "<group>";
		};
		4943FE5A25DA872A00B4C9F9 /* AppDelegate */ = {
			isa = PBXGroup;
			children = (
				4943FE4225DA86E100B4C9F9 /* AppDelegate.swift */,
				4943FE4425DA86E100B4C9F9 /* SceneDelegate.swift */,
			);
			path = AppDelegate;
			sourceTree = "<group>";
		};
		4943FE6125DA87C800B4C9F9 /* BottomSheetViews */ = {
			isa = PBXGroup;
			children = (
				49B7E59925DAF5CB00BB73F1 /* WorldExpos */,
				49B7E5C125DB067A00BB73F1 /* Upcoming Expo */,
				4943FE6D25DA8A9700B4C9F9 /* PavalionsController.swift */,
				4943FE6E25DA8A9700B4C9F9 /* PavalionsController.xib */,
				4943FE7225DA8AAC00B4C9F9 /* BookTicketController.swift */,
				4943FE7325DA8AAC00B4C9F9 /* BookTicketController.xib */,
			);
			path = BottomSheetViews;
			sourceTree = "<group>";
		};
		49B7E59925DAF5CB00BB73F1 /* WorldExpos */ = {
			isa = PBXGroup;
			children = (
				49B7E5B925DAFA9D00BB73F1 /* Model */,
				49B7E5A125DAF60A00BB73F1 /* ExpoHistooryCell */,
				49B7E5A025DAF5FD00BB73F1 /* Controller */,
			);
			path = WorldExpos;
			sourceTree = "<group>";
		};
		49B7E5A025DAF5FD00BB73F1 /* Controller */ = {
			isa = PBXGroup;
			children = (
				4943FE6225DA89A200B4C9F9 /* WorldExpoController.swift */,
				4943FE6325DA89A200B4C9F9 /* WorldExpoController.xib */,
			);
			path = Controller;
			sourceTree = "<group>";
		};
		49B7E5A125DAF60A00BB73F1 /* ExpoHistooryCell */ = {
			isa = PBXGroup;
			children = (
				49B7E59B25DAF5F800BB73F1 /* ExpoHistoryCell.swift */,
				49B7E59C25DAF5F800BB73F1 /* ExpoHistoryCell.xib */,
			);
			path = ExpoHistooryCell;
			sourceTree = "<group>";
		};
		49B7E5B925DAFA9D00BB73F1 /* Model */ = {
			isa = PBXGroup;
			children = (
				49B7E5BA25DAFAB000BB73F1 /* ExpoHistoryModel.swift */,
			);
			path = Model;
			sourceTree = "<group>";
		};
		49B7E5C125DB067A00BB73F1 /* Upcoming Expo */ = {
			isa = PBXGroup;
			children = (
				4943FE6825DA8A6900B4C9F9 /* UpcomingExpoController.swift */,
				4943FE6925DA8A6900B4C9F9 /* UpcomingExpoController.xib */,
			);
			path = "Upcoming Expo";
			sourceTree = "<group>";
		};
/* End PBXGroup section */

/* Begin PBXNativeTarget section */
		4943FE3E25DA86E100B4C9F9 /* NSBottomSheet */ = {
			isa = PBXNativeTarget;
			buildConfigurationList = 4943FE5325DA86E300B4C9F9 /* Build configuration list for PBXNativeTarget "NSBottomSheet" */;
			buildPhases = (
				4943FE3B25DA86E100B4C9F9 /* Sources */,
				4943FE3C25DA86E100B4C9F9 /* Frameworks */,
				4943FE3D25DA86E100B4C9F9 /* Resources */,
			);
			buildRules = (
			);
			dependencies = (
			);
			name = NSBottomSheet;
			productName = NSBottomSheet;
			productReference = 4943FE3F25DA86E100B4C9F9 /* NSBottomSheet.app */;
			productType = "com.apple.product-type.application";
		};
/* End PBXNativeTarget section */

/* Begin PBXProject section */
		4943FE3725DA86E100B4C9F9 /* Project object */ = {
			isa = PBXProject;
			attributes = {
				LastSwiftUpdateCheck = 1220;
				LastUpgradeCheck = 1220;
				TargetAttributes = {
					4943FE3E25DA86E100B4C9F9 = {
						CreatedOnToolsVersion = 12.2;
					};
				};
			};
			buildConfigurationList = 4943FE3A25DA86E100B4C9F9 /* Build configuration list for PBXProject "NSBottomSheet" */;
			compatibilityVersion = "Xcode 9.3";
			developmentRegion = en;
			hasScannedForEncodings = 0;
			knownRegions = (
				en,
				Base,
			);
			mainGroup = 4943FE3625DA86E100B4C9F9;
			productRefGroup = 4943FE4025DA86E100B4C9F9 /* Products */;
			projectDirPath = "";
			projectRoot = "";
			targets = (
				4943FE3E25DA86E100B4C9F9 /* NSBottomSheet */,
			);
		};
/* End PBXProject section */

/* Begin PBXResourcesBuildPhase section */
		4943FE3D25DA86E100B4C9F9 /* Resources */ = {
			isa = PBXResourcesBuildPhase;
			buildActionMask = 2147483647;
			files = (
				4943FE4F25DA86E300B4C9F9 /* LaunchScreen.storyboard in Resources */,
				4943FE6B25DA8A6900B4C9F9 /* UpcomingExpoController.xib in Resources */,
				49B7E59E25DAF5F800BB73F1 /* ExpoHistoryCell.xib in Resources */,
				4943FE4C25DA86E300B4C9F9 /* Assets.xcassets in Resources */,
				4943FE7D25DA8CAB00B4C9F9 /* BottomSheetContainer.xib in Resources */,
				4943FE6525DA89A200B4C9F9 /* WorldExpoController.xib in Resources */,
				4943FE7525DA8AAC00B4C9F9 /* BookTicketController.xib in Resources */,
				4943FE4A25DA86E100B4C9F9 /* Main.storyboard in Resources */,
				4943FE8025DA907F00B4C9F9 /* Color.xcassets in Resources */,
				4943FE7025DA8A9700B4C9F9 /* PavalionsController.xib in Resources */,
			);
			runOnlyForDeploymentPostprocessing = 0;
		};
/* End PBXResourcesBuildPhase section */

/* Begin PBXSourcesBuildPhase section */
		4943FE3B25DA86E100B4C9F9 /* Sources */ = {
			isa = PBXSourcesBuildPhase;
			buildActionMask = 2147483647;
			files = (
				4943FE6425DA89A200B4C9F9 /* WorldExpoController.swift in Sources */,
				4943FE7825DA8C6900B4C9F9 /* UIBottomSheet.swift in Sources */,
				49B7E5BB25DAFAB000BB73F1 /* ExpoHistoryModel.swift in Sources */,
				4943FE6F25DA8A9700B4C9F9 /* PavalionsController.swift in Sources */,
				4943FE4325DA86E100B4C9F9 /* AppDelegate.swift in Sources */,
				4943FE7C25DA8CAB00B4C9F9 /* BottomSheetContainer.swift in Sources */,
				4943FE7425DA8AAC00B4C9F9 /* BookTicketController.swift in Sources */,
				49B7E59D25DAF5F800BB73F1 /* ExpoHistoryCell.swift in Sources */,
				4943FE4525DA86E100B4C9F9 /* SceneDelegate.swift in Sources */,
				4943FE6A25DA8A6900B4C9F9 /* UpcomingExpoController.swift in Sources */,
				49B7E5BF25DB04A300BB73F1 /* CardView.swift in Sources */,
				4943FE5E25DA878C00B4C9F9 /* HomeViewController.swift in Sources */,
			);
			runOnlyForDeploymentPostprocessing = 0;
		};
/* End PBXSourcesBuildPhase section */

/* Begin PBXVariantGroup section */
		4943FE4825DA86E100B4C9F9 /* Main.storyboard */ = {
			isa = PBXVariantGroup;
			children = (
				4943FE4925DA86E100B4C9F9 /* Base */,
			);
			name = Main.storyboard;
			sourceTree = "<group>";
		};
		4943FE4D25DA86E300B4C9F9 /* LaunchScreen.storyboard */ = {
			isa = PBXVariantGroup;
			children = (
				4943FE4E25DA86E300B4C9F9 /* Base */,
			);
			name = LaunchScreen.storyboard;
			sourceTree = "<group>";
		};
/* End PBXVariantGroup section */

/* Begin XCBuildConfiguration section */
		4943FE5125DA86E300B4C9F9 /* Debug */ = {
			isa = XCBuildConfiguration;
			buildSettings = {
				ALWAYS_SEARCH_USER_PATHS = NO;
				CLANG_ANALYZER_NONNULL = YES;
				CLANG_ANALYZER_NUMBER_OBJECT_CONVERSION = YES_AGGRESSIVE;
				CLANG_CXX_LANGUAGE_STANDARD = "gnu++14";
				CLANG_CXX_LIBRARY = "libc++";
				CLANG_ENABLE_MODULES = YES;
				CLANG_ENABLE_OBJC_ARC = YES;
				CLANG_ENABLE_OBJC_WEAK = YES;
				CLANG_WARN_BLOCK_CAPTURE_AUTORELEASING = YES;
				CLANG_WARN_BOOL_CONVERSION = YES;
				CLANG_WARN_COMMA = YES;
				CLANG_WARN_CONSTANT_CONVERSION = YES;
				CLANG_WARN_DEPRECATED_OBJC_IMPLEMENTATIONS = YES;
				CLANG_WARN_DIRECT_OBJC_ISA_USAGE = YES_ERROR;
				CLANG_WARN_DOCUMENTATION_COMMENTS = YES;
				CLANG_WARN_EMPTY_BODY = YES;
				CLANG_WARN_ENUM_CONVERSION = YES;
				CLANG_WARN_INFINITE_RECURSION = YES;
				CLANG_WARN_INT_CONVERSION = YES;
				CLANG_WARN_NON_LITERAL_NULL_CONVERSION = YES;
				CLANG_WARN_OBJC_IMPLICIT_RETAIN_SELF = YES;
				CLANG_WARN_OBJC_LITERAL_CONVERSION = YES;
				CLANG_WARN_OBJC_ROOT_CLASS = YES_ERROR;
				CLANG_WARN_QUOTED_INCLUDE_IN_FRAMEWORK_HEADER = YES;
				CLANG_WARN_RANGE_LOOP_ANALYSIS = YES;
				CLANG_WARN_STRICT_PROTOTYPES = YES;
				CLANG_WARN_SUSPICIOUS_MOVE = YES;
				CLANG_WARN_UNGUARDED_AVAILABILITY = YES_AGGRESSIVE;
				CLANG_WARN_UNREACHABLE_CODE = YES;
				CLANG_WARN__DUPLICATE_METHOD_MATCH = YES;
				COPY_PHASE_STRIP = NO;
				DEBUG_INFORMATION_FORMAT = dwarf;
				ENABLE_STRICT_OBJC_MSGSEND = YES;
				ENABLE_TESTABILITY = YES;
				GCC_C_LANGUAGE_STANDARD = gnu11;
				GCC_DYNAMIC_NO_PIC = NO;
				GCC_NO_COMMON_BLOCKS = YES;
				GCC_OPTIMIZATION_LEVEL = 0;
				GCC_PREPROCESSOR_DEFINITIONS = (
					"DEBUG=1",
					"$(inherited)",
				);
				GCC_WARN_64_TO_32_BIT_CONVERSION = YES;
				GCC_WARN_ABOUT_RETURN_TYPE = YES_ERROR;
				GCC_WARN_UNDECLARED_SELECTOR = YES;
				GCC_WARN_UNINITIALIZED_AUTOS = YES_AGGRESSIVE;
				GCC_WARN_UNUSED_FUNCTION = YES;
				GCC_WARN_UNUSED_VARIABLE = YES;
				IPHONEOS_DEPLOYMENT_TARGET = 14.2;
				MTL_ENABLE_DEBUG_INFO = INCLUDE_SOURCE;
				MTL_FAST_MATH = YES;
				ONLY_ACTIVE_ARCH = YES;
				SDKROOT = iphoneos;
				SWIFT_ACTIVE_COMPILATION_CONDITIONS = DEBUG;
				SWIFT_OPTIMIZATION_LEVEL = "-Onone";
			};
			name = Debug;
		};
		4943FE5225DA86E300B4C9F9 /* Release */ = {
			isa = XCBuildConfiguration;
			buildSettings = {
				ALWAYS_SEARCH_USER_PATHS = NO;
				CLANG_ANALYZER_NONNULL = YES;
				CLANG_ANALYZER_NUMBER_OBJECT_CONVERSION = YES_AGGRESSIVE;
				CLANG_CXX_LANGUAGE_STANDARD = "gnu++14";
				CLANG_CXX_LIBRARY = "libc++";
				CLANG_ENABLE_MODULES = YES;
				CLANG_ENABLE_OBJC_ARC = YES;
				CLANG_ENABLE_OBJC_WEAK = YES;
				CLANG_WARN_BLOCK_CAPTURE_AUTORELEASING = YES;
				CLANG_WARN_BOOL_CONVERSION = YES;
				CLANG_WARN_COMMA = YES;
				CLANG_WARN_CONSTANT_CONVERSION = YES;
				CLANG_WARN_DEPRECATED_OBJC_IMPLEMENTATIONS = YES;
				CLANG_WARN_DIRECT_OBJC_ISA_USAGE = YES_ERROR;
				CLANG_WARN_DOCUMENTATION_COMMENTS = YES;
				CLANG_WARN_EMPTY_BODY = YES;
				CLANG_WARN_ENUM_CONVERSION = YES;
				CLANG_WARN_INFINITE_RECURSION = YES;
				CLANG_WARN_INT_CONVERSION = YES;
				CLANG_WARN_NON_LITERAL_NULL_CONVERSION = YES;
				CLANG_WARN_OBJC_IMPLICIT_RETAIN_SELF = YES;
				CLANG_WARN_OBJC_LITERAL_CONVERSION = YES;
				CLANG_WARN_OBJC_ROOT_CLASS = YES_ERROR;
				CLANG_WARN_QUOTED_INCLUDE_IN_FRAMEWORK_HEADER = YES;
				CLANG_WARN_RANGE_LOOP_ANALYSIS = YES;
				CLANG_WARN_STRICT_PROTOTYPES = YES;
				CLANG_WARN_SUSPICIOUS_MOVE = YES;
				CLANG_WARN_UNGUARDED_AVAILABILITY = YES_AGGRESSIVE;
				CLANG_WARN_UNREACHABLE_CODE = YES;
				CLANG_WARN__DUPLICATE_METHOD_MATCH = YES;
				COPY_PHASE_STRIP = NO;
				DEBUG_INFORMATION_FORMAT = "dwarf-with-dsym";
				ENABLE_NS_ASSERTIONS = NO;
				ENABLE_STRICT_OBJC_MSGSEND = YES;
				GCC_C_LANGUAGE_STANDARD = gnu11;
				GCC_NO_COMMON_BLOCKS = YES;
				GCC_WARN_64_TO_32_BIT_CONVERSION = YES;
				GCC_WARN_ABOUT_RETURN_TYPE = YES_ERROR;
				GCC_WARN_UNDECLARED_SELECTOR = YES;
				GCC_WARN_UNINITIALIZED_AUTOS = YES_AGGRESSIVE;
				GCC_WARN_UNUSED_FUNCTION = YES;
				GCC_WARN_UNUSED_VARIABLE = YES;
				IPHONEOS_DEPLOYMENT_TARGET = 14.2;
				MTL_ENABLE_DEBUG_INFO = NO;
				MTL_FAST_MATH = YES;
				SDKROOT = iphoneos;
				SWIFT_COMPILATION_MODE = wholemodule;
				SWIFT_OPTIMIZATION_LEVEL = "-O";
				VALIDATE_PRODUCT = YES;
			};
			name = Release;
		};
		4943FE5425DA86E300B4C9F9 /* Debug */ = {
			isa = XCBuildConfiguration;
			buildSettings = {
				ASSETCATALOG_COMPILER_APPICON_NAME = AppIcon;
				ASSETCATALOG_COMPILER_GLOBAL_ACCENT_COLOR_NAME = AccentColor;
				CODE_SIGN_STYLE = Automatic;
				INFOPLIST_FILE = NSBottomSheet/Info.plist;
				LD_RUNPATH_SEARCH_PATHS = (
					"$(inherited)",
					"@executable_path/Frameworks",
				);
				PRODUCT_BUNDLE_IDENTIFIER = com.neeraj.NSBottomSheet;
				PRODUCT_NAME = "$(TARGET_NAME)";
				SWIFT_VERSION = 5.0;
				TARGETED_DEVICE_FAMILY = "1,2";
			};
			name = Debug;
		};
		4943FE5525DA86E300B4C9F9 /* Release */ = {
			isa = XCBuildConfiguration;
			buildSettings = {
				ASSETCATALOG_COMPILER_APPICON_NAME = AppIcon;
				ASSETCATALOG_COMPILER_GLOBAL_ACCENT_COLOR_NAME = AccentColor;
				CODE_SIGN_STYLE = Automatic;
				INFOPLIST_FILE = NSBottomSheet/Info.plist;
				LD_RUNPATH_SEARCH_PATHS = (
					"$(inherited)",
					"@executable_path/Frameworks",
				);
				PRODUCT_BUNDLE_IDENTIFIER = com.neeraj.NSBottomSheet;
				PRODUCT_NAME = "$(TARGET_NAME)";
				SWIFT_VERSION = 5.0;
				TARGETED_DEVICE_FAMILY = "1,2";
			};
			name = Release;
		};
/* End XCBuildConfiguration section */

/* Begin XCConfigurationList section */
		4943FE3A25DA86E100B4C9F9 /* Build configuration list for PBXProject "NSBottomSheet" */ = {
			isa = XCConfigurationList;
			buildConfigurations = (
				4943FE5125DA86E300B4C9F9 /* Debug */,
				4943FE5225DA86E300B4C9F9 /* Release */,
			);
			defaultConfigurationIsVisible = 0;
			defaultConfigurationName = Release;
		};
		4943FE5325DA86E300B4C9F9 /* Build configuration list for PBXNativeTarget "NSBottomSheet" */ = {
			isa = XCConfigurationList;
			buildConfigurations = (
				4943FE5425DA86E300B4C9F9 /* Debug */,
				4943FE5525DA86E300B4C9F9 /* Release */,
			);
			defaultConfigurationIsVisible = 0;
			defaultConfigurationName = Release;
		};
/* End XCConfigurationList section */
	};
	rootObject = 4943FE3725DA86E100B4C9F9 /* Project object */;
}
